
Microsoft Visual Studio Solution File, Format Version 12.00
# Visual Studio Version 16
VisualStudioVersion = 16.0.32428.217
MinimumVisualStudioVersion = 10.0.40219.1
Project("{FAE04EC0-301F-11D3-BF4B-00C04F79EFBC}") = "GServerExecuter", "GServerExecuter\GServerExecuter.csproj", "{4AA5F843-14D8-4BE4-9FCA-D4C93716EA56}"
EndProject
Global
	GlobalSection(SolutionConfigurationPlatforms) = preSolution
		Debug|Any CPU = Debug|Any CPU
		Release|Any CPU = Release|Any CPU
	EndGlobalSection
	GlobalSection(ProjectConfigurationPlatforms) = postSolution
		{4AA5F843-14D8-4BE4-9FCA-D4C93716EA56}.Debug|Any CPU.ActiveCfg = Debug|Any CPU
		{4AA5F843-14D8-4BE4-9FCA-D4C93716EA56}.Debug|Any CPU.Build.0 = Debug|Any CPU
		{4AA5F843-14D8-4BE4-9FCA-D4C93716EA56}.Release|Any CPU.ActiveCfg = Release|Any CPU
		{4AA5F843-14D8-4BE4-9FCA-D4C93716EA56}.Release|Any CPU.Build.0 = Release|Any CPU
	EndGlobalSection
	GlobalSection(SolutionProperties) = preSolution
		HideSolutionNode = FALSE
	EndGlobalSection
	GlobalSection(ExtensibilityGlobals) = postSolution
		SolutionGuid = {9D7B86AC-DB8C-4820-BEEA-3656D9E527B7}
	EndGlobalSection
EndGlobal
